
Microsoft Visual Studio Solution File, Format Version 12.00
# Visual Studio Version 17
VisualStudioVersion = 17.9.34723.18
MinimumVisualStudioVersion = 10.0.40219.1
Project("{FAE04EC0-301F-11D3-BF4B-00C04F79EFBC}") = "ReelPuzzle.Logic", "ReelPuzzle.Logic\ReelPuzzle.Logic.csproj", "{9EE6A852-F6F7-4D97-BCE4-F92245756E03}"
EndProject
Project("{FAE04EC0-301F-11D3-BF4B-00C04F79EFBC}") = "ReelPuzzle.LogicTest", "ReelPuzzle.LogicTest\ReelPuzzle.LogicTest.csproj", "{09425411-B0F5-4178-BD4D-78DB19024F2A}"
EndProject
Global
	GlobalSection(SolutionConfigurationPlatforms) = preSolution
		Debug|Any CPU = Debug|Any CPU
		Release|Any CPU = Release|Any CPU
	EndGlobalSection
	GlobalSection(ProjectConfigurationPlatforms) = postSolution
		{9EE6A852-F6F7-4D97-BCE4-F92245756E03}.Debug|Any CPU.ActiveCfg = Debug|Any CPU
		{9EE6A852-F6F7-4D97-BCE4-F92245756E03}.Debug|Any CPU.Build.0 = Debug|Any CPU
		{9EE6A852-F6F7-4D97-BCE4-F92245756E03}.Release|Any CPU.ActiveCfg = Release|Any CPU
		{9EE6A852-F6F7-4D97-BCE4-F92245756E03}.Release|Any CPU.Build.0 = Release|Any CPU
		{09425411-B0F5-4178-BD4D-78DB19024F2A}.Debug|Any CPU.ActiveCfg = Debug|Any CPU
		{09425411-B0F5-4178-BD4D-78DB19024F2A}.Debug|Any CPU.Build.0 = Debug|Any CPU
		{09425411-B0F5-4178-BD4D-78DB19024F2A}.Release|Any CPU.ActiveCfg = Release|Any CPU
		{09425411-B0F5-4178-BD4D-78DB19024F2A}.Release|Any CPU.Build.0 = Release|Any CPU
	EndGlobalSection
	GlobalSection(SolutionProperties) = preSolution
		HideSolutionNode = FALSE
	EndGlobalSection
	GlobalSection(ExtensibilityGlobals) = postSolution
		SolutionGuid = {A5FAA110-1226-48EC-B39E-15F215C0FD13}
	EndGlobalSection
EndGlobal
